// !$*UTF8*$!
{
	archiveVersion = 1;
	classes = {
	};
	objectVersion = 50;
	objects = {

/* Begin PBXBuildFile section */
		8A60A9CAAE6336B422242F36 /* Pods_RNDM.framework in Frameworks */ = {isa = PBXBuildFile; fileRef = BFD68E73558FA9AEE7D2215C /* Pods_RNDM.framework */; };
		DC22E4E52268C5330097F288 /* LoginVC.swift in Sources */ = {isa = PBXBuildFile; fileRef = DC22E4E42268C5330097F288 /* LoginVC.swift */; };
		DC22E4E72268C9B90097F288 /* CreateUserVC.swift in Sources */ = {isa = PBXBuildFile; fileRef = DC22E4E62268C9B90097F288 /* CreateUserVC.swift */; };
		DC8055702254F9390046B356 /* AppDelegate.swift in Sources */ = {isa = PBXBuildFile; fileRef = DC80556F2254F9390046B356 /* AppDelegate.swift */; };
		DC8055722254F9390046B356 /* MainVC.swift in Sources */ = {isa = PBXBuildFile; fileRef = DC8055712254F9390046B356 /* MainVC.swift */; };
		DC8055752254F9390046B356 /* Main.storyboard in Resources */ = {isa = PBXBuildFile; fileRef = DC8055732254F9390046B356 /* Main.storyboard */; };
		DC8055772254F93B0046B356 /* Assets.xcassets in Resources */ = {isa = PBXBuildFile; fileRef = DC8055762254F93B0046B356 /* Assets.xcassets */; };
		DC80557A2254F93B0046B356 /* LaunchScreen.storyboard in Resources */ = {isa = PBXBuildFile; fileRef = DC8055782254F93B0046B356 /* LaunchScreen.storyboard */; };
		DC8055822254FE590046B356 /* GoogleService-Info.plist in Resources */ = {isa = PBXBuildFile; fileRef = DC8055812254FE590046B356 /* GoogleService-Info.plist */; };
		DC80558422564D3A0046B356 /* AddThoughtVC.swift in Sources */ = {isa = PBXBuildFile; fileRef = DC80558322564D3A0046B356 /* AddThoughtVC.swift */; };
		DC80558A2267A9520046B356 /* Constants.swift in Sources */ = {isa = PBXBuildFile; fileRef = DC8055892267A9520046B356 /* Constants.swift */; };
		DC8055902267B9E70046B356 /* Thought.swift in Sources */ = {isa = PBXBuildFile; fileRef = DC80558F2267B9E70046B356 /* Thought.swift */; };
		DC8055922267BA130046B356 /* ThoughtCell.swift in Sources */ = {isa = PBXBuildFile; fileRef = DC8055912267BA130046B356 /* ThoughtCell.swift */; };
		DCA548C1226C8F7E003A6671 /* CommentsVC.swift in Sources */ = {isa = PBXBuildFile; fileRef = DCA548C0226C8F7E003A6671 /* CommentsVC.swift */; };
		DCA548C3226C981F003A6671 /* CommentCell.swift in Sources */ = {isa = PBXBuildFile; fileRef = DCA548C2226C981F003A6671 /* CommentCell.swift */; };
		DCA548C5226CA0E6003A6671 /* Comment.swift in Sources */ = {isa = PBXBuildFile; fileRef = DCA548C4226CA0E6003A6671 /* Comment.swift */; };
		DCA548C9226CCBE0003A6671 /* KeyboardBoundView.swift in Sources */ = {isa = PBXBuildFile; fileRef = DCA548C8226CCBE0003A6671 /* KeyboardBoundView.swift */; };
		DCA548CB226DE05B003A6671 /* UpdateCommentVC.swift in Sources */ = {isa = PBXBuildFile; fileRef = DCA548CA226DE05B003A6671 /* UpdateCommentVC.swift */; };
/* End PBXBuildFile section */

/* Begin PBXFileReference section */
		0A46C74B05BE09665B9BB36D /* Pods-RNDM.debug.xcconfig */ = {isa = PBXFileReference; includeInIndex = 1; lastKnownFileType = text.xcconfig; name = "Pods-RNDM.debug.xcconfig"; path = "Pods/Target Support Files/Pods-RNDM/Pods-RNDM.debug.xcconfig"; sourceTree = "<group>"; };
		710A66ABDCC8FE28E23ABCFD /* Pods-RNDM.release.xcconfig */ = {isa = PBXFileReference; includeInIndex = 1; lastKnownFileType = text.xcconfig; name = "Pods-RNDM.release.xcconfig"; path = "Pods/Target Support Files/Pods-RNDM/Pods-RNDM.release.xcconfig"; sourceTree = "<group>"; };
		BFD68E73558FA9AEE7D2215C /* Pods_RNDM.framework */ = {isa = PBXFileReference; explicitFileType = wrapper.framework; includeInIndex = 0; path = Pods_RNDM.framework; sourceTree = BUILT_PRODUCTS_DIR; };
		DC22E4E42268C5330097F288 /* LoginVC.swift */ = {isa = PBXFileReference; lastKnownFileType = sourcecode.swift; path = LoginVC.swift; sourceTree = "<group>"; };
		DC22E4E62268C9B90097F288 /* CreateUserVC.swift */ = {isa = PBXFileReference; lastKnownFileType = sourcecode.swift; path = CreateUserVC.swift; sourceTree = "<group>"; };
		DC80556C2254F9390046B356 /* RNDM.app */ = {isa = PBXFileReference; explicitFileType = wrapper.application; includeInIndex = 0; path = RNDM.app; sourceTree = BUILT_PRODUCTS_DIR; };
		DC80556F2254F9390046B356 /* AppDelegate.swift */ = {isa = PBXFileReference; lastKnownFileType = sourcecode.swift; path = AppDelegate.swift; sourceTree = "<group>"; };
		DC8055712254F9390046B356 /* MainVC.swift */ = {isa = PBXFileReference; lastKnownFileType = sourcecode.swift; path = MainVC.swift; sourceTree = "<group>"; };
		DC8055742254F9390046B356 /* Base */ = {isa = PBXFileReference; lastKnownFileType = file.storyboard; name = Base; path = Base.lproj/Main.storyboard; sourceTree = "<group>"; };
		DC8055762254F93B0046B356 /* Assets.xcassets */ = {isa = PBXFileReference; lastKnownFileType = folder.assetcatalog; path = Assets.xcassets; sourceTree = "<group>"; };
		DC8055792254F93B0046B356 /* Base */ = {isa = PBXFileReference; lastKnownFileType = file.storyboard; name = Base; path = Base.lproj/LaunchScreen.storyboard; sourceTree = "<group>"; };
		DC80557B2254F93B0046B356 /* Info.plist */ = {isa = PBXFileReference; lastKnownFileType = text.plist.xml; path = Info.plist; sourceTree = "<group>"; };
		DC8055812254FE590046B356 /* GoogleService-Info.plist */ = {isa = PBXFileReference; fileEncoding = 4; lastKnownFileType = text.plist.xml; path = "GoogleService-Info.plist"; sourceTree = "<group>"; };
		DC80558322564D3A0046B356 /* AddThoughtVC.swift */ = {isa = PBXFileReference; lastKnownFileType = sourcecode.swift; path = AddThoughtVC.swift; sourceTree = "<group>"; };
		DC8055892267A9520046B356 /* Constants.swift */ = {isa = PBXFileReference; lastKnownFileType = sourcecode.swift; path = Constants.swift; sourceTree = "<group>"; };
		DC80558F2267B9E70046B356 /* Thought.swift */ = {isa = PBXFileReference; fileEncoding = 4; lastKnownFileType = sourcecode.swift; path = Thought.swift; sourceTree = "<group>"; };
		DC8055912267BA130046B356 /* ThoughtCell.swift */ = {isa = PBXFileReference; lastKnownFileType = sourcecode.swift; path = ThoughtCell.swift; sourceTree = "<group>"; };
		DCA548C0226C8F7E003A6671 /* CommentsVC.swift */ = {isa = PBXFileReference; lastKnownFileType = sourcecode.swift; path = CommentsVC.swift; sourceTree = "<group>"; };
		DCA548C2226C981F003A6671 /* CommentCell.swift */ = {isa = PBXFileReference; lastKnownFileType = sourcecode.swift; path = CommentCell.swift; sourceTree = "<group>"; };
		DCA548C4226CA0E6003A6671 /* Comment.swift */ = {isa = PBXFileReference; lastKnownFileType = sourcecode.swift; path = Comment.swift; sourceTree = "<group>"; };
		DCA548C8226CCBE0003A6671 /* KeyboardBoundView.swift */ = {isa = PBXFileReference; fileEncoding = 4; lastKnownFileType = sourcecode.swift; name = KeyboardBoundView.swift; path = "RNDM iOS Assets Part 2/KeyboardBoundView.swift"; sourceTree = SOURCE_ROOT; };
		DCA548CA226DE05B003A6671 /* UpdateCommentVC.swift */ = {isa = PBXFileReference; lastKnownFileType = sourcecode.swift; path = UpdateCommentVC.swift; sourceTree = "<group>"; };
/* End PBXFileReference section */

/* Begin PBXFrameworksBuildPhase section */
		DC8055692254F9390046B356 /* Frameworks */ = {
			isa = PBXFrameworksBuildPhase;
			buildActionMask = 2147483647;
			files = (
				8A60A9CAAE6336B422242F36 /* Pods_RNDM.framework in Frameworks */,
			);
			runOnlyForDeploymentPostprocessing = 0;
		};
/* End PBXFrameworksBuildPhase section */

/* Begin PBXGroup section */
		C46C0321BADBD0296A738B38 /* Pods */ = {
			isa = PBXGroup;
			children = (
				0A46C74B05BE09665B9BB36D /* Pods-RNDM.debug.xcconfig */,
				710A66ABDCC8FE28E23ABCFD /* Pods-RNDM.release.xcconfig */,
			);
			name = Pods;
			sourceTree = "<group>";
		};
		CD81DDB5D255F05CC35B25CF /* Frameworks */ = {
			isa = PBXGroup;
			children = (
				BFD68E73558FA9AEE7D2215C /* Pods_RNDM.framework */,
			);
			name = Frameworks;
			sourceTree = "<group>";
		};
		DC8055632254F9390046B356 = {
			isa = PBXGroup;
			children = (
				DC80556E2254F9390046B356 /* RNDM */,
				DC80556D2254F9390046B356 /* Products */,
				C46C0321BADBD0296A738B38 /* Pods */,
				CD81DDB5D255F05CC35B25CF /* Frameworks */,
			);
			sourceTree = "<group>";
		};
		DC80556D2254F9390046B356 /* Products */ = {
			isa = PBXGroup;
			children = (
				DC80556C2254F9390046B356 /* RNDM.app */,
			);
			name = Products;
			sourceTree = "<group>";
		};
		DC80556E2254F9390046B356 /* RNDM */ = {
			isa = PBXGroup;
			children = (
				DC8055882267A9220046B356 /* Utilities */,
				DC80558722564D8B0046B356 /* Model */,
				DC80558622564D750046B356 /* View */,
				DC80558522564D550046B356 /* Controller */,
				DC80556F2254F9390046B356 /* AppDelegate.swift */,
				DC8055732254F9390046B356 /* Main.storyboard */,
				DC8055762254F93B0046B356 /* Assets.xcassets */,
				DC8055782254F93B0046B356 /* LaunchScreen.storyboard */,
				DC80557B2254F93B0046B356 /* Info.plist */,
				DC8055812254FE590046B356 /* GoogleService-Info.plist */,
			);
			path = RNDM;
			sourceTree = "<group>";
		};
		DC80558522564D550046B356 /* Controller */ = {
			isa = PBXGroup;
			children = (
				DC8055712254F9390046B356 /* MainVC.swift */,
				DC80558322564D3A0046B356 /* AddThoughtVC.swift */,
				DC22E4E42268C5330097F288 /* LoginVC.swift */,
				DC22E4E62268C9B90097F288 /* CreateUserVC.swift */,
				DCA548C0226C8F7E003A6671 /* CommentsVC.swift */,
				DCA548CA226DE05B003A6671 /* UpdateCommentVC.swift */,
			);
			path = Controller;
			sourceTree = "<group>";
		};
		DC80558622564D750046B356 /* View */ = {
			isa = PBXGroup;
			children = (
				DC8055912267BA130046B356 /* ThoughtCell.swift */,
				DCA548C2226C981F003A6671 /* CommentCell.swift */,
			);
			path = View;
			sourceTree = "<group>";
		};
		DC80558722564D8B0046B356 /* Model */ = {
			isa = PBXGroup;
			children = (
				DC80558F2267B9E70046B356 /* Thought.swift */,
				DCA548C4226CA0E6003A6671 /* Comment.swift */,
			);
			path = Model;
			sourceTree = "<group>";
		};
		DC8055882267A9220046B356 /* Utilities */ = {
			isa = PBXGroup;
			children = (
				DC8055892267A9520046B356 /* Constants.swift */,
				DCA548C8226CCBE0003A6671 /* KeyboardBoundView.swift */,
			);
			path = Utilities;
			sourceTree = "<group>";
		};
/* End PBXGroup section */

/* Begin PBXNativeTarget section */
		DC80556B2254F9390046B356 /* RNDM */ = {
			isa = PBXNativeTarget;
			buildConfigurationList = DC80557E2254F93B0046B356 /* Build configuration list for PBXNativeTarget "RNDM" */;
			buildPhases = (
				1D90F9967BF377938A0189B3 /* [CP] Check Pods Manifest.lock */,
				DC8055682254F9390046B356 /* Sources */,
				DC8055692254F9390046B356 /* Frameworks */,
				DC80556A2254F9390046B356 /* Resources */,
				E395CE10D5A061F8D2EBED49 /* [CP] Embed Pods Frameworks */,
			);
			buildRules = (
			);
			dependencies = (
			);
			name = RNDM;
			productName = RNDM;
			productReference = DC80556C2254F9390046B356 /* RNDM.app */;
			productType = "com.apple.product-type.application";
		};
/* End PBXNativeTarget section */

/* Begin PBXProject section */
		DC8055642254F9390046B356 /* Project object */ = {
			isa = PBXProject;
			attributes = {
				LastSwiftUpdateCheck = 1020;
				LastUpgradeCheck = 1020;
				ORGANIZATIONNAME = Stephen;
				TargetAttributes = {
					DC80556B2254F9390046B356 = {
						CreatedOnToolsVersion = 10.2;
					};
				};
			};
			buildConfigurationList = DC8055672254F9390046B356 /* Build configuration list for PBXProject "RNDM" */;
			compatibilityVersion = "Xcode 9.3";
			developmentRegion = en;
			hasScannedForEncodings = 0;
			knownRegions = (
				en,
				Base,
			);
			mainGroup = DC8055632254F9390046B356;
			productRefGroup = DC80556D2254F9390046B356 /* Products */;
			projectDirPath = "";
			projectRoot = "";
			targets = (
				DC80556B2254F9390046B356 /* RNDM */,
			);
		};
/* End PBXProject section */

/* Begin PBXResourcesBuildPhase section */
		DC80556A2254F9390046B356 /* Resources */ = {
			isa = PBXResourcesBuildPhase;
			buildActionMask = 2147483647;
			files = (
				DC80557A2254F93B0046B356 /* LaunchScreen.storyboard in Resources */,
				DC8055822254FE590046B356 /* GoogleService-Info.plist in Resources */,
				DC8055772254F93B0046B356 /* Assets.xcassets in Resources */,
				DC8055752254F9390046B356 /* Main.storyboard in Resources */,
			);
			runOnlyForDeploymentPostprocessing = 0;
		};
/* End PBXResourcesBuildPhase section */

/* Begin PBXShellScriptBuildPhase section */
		1D90F9967BF377938A0189B3 /* [CP] Check Pods Manifest.lock */ = {
			isa = PBXShellScriptBuildPhase;
			buildActionMask = 2147483647;
			files = (
			);
			inputFileListPaths = (
			);
			inputPaths = (
				"${PODS_PODFILE_DIR_PATH}/Podfile.lock",
				"${PODS_ROOT}/Manifest.lock",
			);
			name = "[CP] Check Pods Manifest.lock";
			outputFileListPaths = (
			);
			outputPaths = (
				"$(DERIVED_FILE_DIR)/Pods-RNDM-checkManifestLockResult.txt",
			);
			runOnlyForDeploymentPostprocessing = 0;
			shellPath = /bin/sh;
			shellScript = "diff \"${PODS_PODFILE_DIR_PATH}/Podfile.lock\" \"${PODS_ROOT}/Manifest.lock\" > /dev/null\nif [ $? != 0 ] ; then\n    # print error to STDERR\n    echo \"error: The sandbox is not in sync with the Podfile.lock. Run 'pod install' or update your CocoaPods installation.\" >&2\n    exit 1\nfi\n# This output is used by Xcode 'outputs' to avoid re-running this script phase.\necho \"SUCCESS\" > \"${SCRIPT_OUTPUT_FILE_0}\"\n";
			showEnvVarsInLog = 0;
		};
		E395CE10D5A061F8D2EBED49 /* [CP] Embed Pods Frameworks */ = {
			isa = PBXShellScriptBuildPhase;
			buildActionMask = 2147483647;
			files = (
			);
			inputFileListPaths = (
			);
			inputPaths = (
				"${SRCROOT}/Pods/Target Support Files/Pods-RNDM/Pods-RNDM-frameworks.sh",
				"${BUILT_PRODUCTS_DIR}/BoringSSL/openssl.framework",
				"${BUILT_PRODUCTS_DIR}/GTMSessionFetcher/GTMSessionFetcher.framework",
				"${BUILT_PRODUCTS_DIR}/GoogleUtilities/GoogleUtilities.framework",
				"${BUILT_PRODUCTS_DIR}/Protobuf/Protobuf.framework",
				"${BUILT_PRODUCTS_DIR}/gRPC/GRPCClient.framework",
				"${BUILT_PRODUCTS_DIR}/gRPC-C++/grpcpp.framework",
				"${BUILT_PRODUCTS_DIR}/gRPC-Core/grpc.framework",
				"${BUILT_PRODUCTS_DIR}/gRPC-ProtoRPC/ProtoRPC.framework",
				"${BUILT_PRODUCTS_DIR}/gRPC-RxLibrary/RxLibrary.framework",
				"${BUILT_PRODUCTS_DIR}/leveldb-library/leveldb.framework",
				"${BUILT_PRODUCTS_DIR}/nanopb/nanopb.framework",
			);
			name = "[CP] Embed Pods Frameworks";
			outputFileListPaths = (
			);
			outputPaths = (
				"${TARGET_BUILD_DIR}/${FRAMEWORKS_FOLDER_PATH}/openssl.framework",
				"${TARGET_BUILD_DIR}/${FRAMEWORKS_FOLDER_PATH}/GTMSessionFetcher.framework",
				"${TARGET_BUILD_DIR}/${FRAMEWORKS_FOLDER_PATH}/GoogleUtilities.framework",
				"${TARGET_BUILD_DIR}/${FRAMEWORKS_FOLDER_PATH}/Protobuf.framework",
				"${TARGET_BUILD_DIR}/${FRAMEWORKS_FOLDER_PATH}/GRPCClient.framework",
				"${TARGET_BUILD_DIR}/${FRAMEWORKS_FOLDER_PATH}/grpcpp.framework",
				"${TARGET_BUILD_DIR}/${FRAMEWORKS_FOLDER_PATH}/grpc.framework",
				"${TARGET_BUILD_DIR}/${FRAMEWORKS_FOLDER_PATH}/ProtoRPC.framework",
				"${TARGET_BUILD_DIR}/${FRAMEWORKS_FOLDER_PATH}/RxLibrary.framework",
				"${TARGET_BUILD_DIR}/${FRAMEWORKS_FOLDER_PATH}/leveldb.framework",
				"${TARGET_BUILD_DIR}/${FRAMEWORKS_FOLDER_PATH}/nanopb.framework",
			);
			runOnlyForDeploymentPostprocessing = 0;
			shellPath = /bin/sh;
			shellScript = "\"${SRCROOT}/Pods/Target Support Files/Pods-RNDM/Pods-RNDM-frameworks.sh\"\n";
			showEnvVarsInLog = 0;
		};
/* End PBXShellScriptBuildPhase section */

/* Begin PBXSourcesBuildPhase section */
		DC8055682254F9390046B356 /* Sources */ = {
			isa = PBXSourcesBuildPhase;
			buildActionMask = 2147483647;
			files = (
				DC80558422564D3A0046B356 /* AddThoughtVC.swift in Sources */,
				DC8055722254F9390046B356 /* MainVC.swift in Sources */,
				DCA548C9226CCBE0003A6671 /* KeyboardBoundView.swift in Sources */,
				DC22E4E52268C5330097F288 /* LoginVC.swift in Sources */,
				DCA548CB226DE05B003A6671 /* UpdateCommentVC.swift in Sources */,
				DC8055702254F9390046B356 /* AppDelegate.swift in Sources */,
				DC22E4E72268C9B90097F288 /* CreateUserVC.swift in Sources */,
				DCA548C3226C981F003A6671 /* CommentCell.swift in Sources */,
				DC8055922267BA130046B356 /* ThoughtCell.swift in Sources */,
				DC8055902267B9E70046B356 /* Thought.swift in Sources */,
				DC80558A2267A9520046B356 /* Constants.swift in Sources */,
				DCA548C5226CA0E6003A6671 /* Comment.swift in Sources */,
				DCA548C1226C8F7E003A6671 /* CommentsVC.swift in Sources */,
			);
			runOnlyForDeploymentPostprocessing = 0;
		};
/* End PBXSourcesBuildPhase section */

/* Begin PBXVariantGroup section */
		DC8055732254F9390046B356 /* Main.storyboard */ = {
			isa = PBXVariantGroup;
			children = (
				DC8055742254F9390046B356 /* Base */,
			);
			name = Main.storyboard;
			sourceTree = "<group>";
		};
		DC8055782254F93B0046B356 /* LaunchScreen.storyboard */ = {
			isa = PBXVariantGroup;
			children = (
				DC8055792254F93B0046B356 /* Base */,
			);
			name = LaunchScreen.storyboard;
			sourceTree = "<group>";
		};
/* End PBXVariantGroup section */

/* Begin XCBuildConfiguration section */
		DC80557C2254F93B0046B356 /* Debug */ = {
			isa = XCBuildConfiguration;
			buildSettings = {
				ALWAYS_SEARCH_USER_PATHS = NO;
				CLANG_ANALYZER_NONNULL = YES;
				CLANG_ANALYZER_NUMBER_OBJECT_CONVERSION = YES_AGGRESSIVE;
				CLANG_CXX_LANGUAGE_STANDARD = "gnu++14";
				CLANG_CXX_LIBRARY = "libc++";
				CLANG_ENABLE_MODULES = YES;
				CLANG_ENABLE_OBJC_ARC = YES;
				CLANG_ENABLE_OBJC_WEAK = YES;
				CLANG_WARN_BLOCK_CAPTURE_AUTORELEASING = YES;
				CLANG_WARN_BOOL_CONVERSION = YES;
				CLANG_WARN_COMMA = YES;
				CLANG_WARN_CONSTANT_CONVERSION = YES;
				CLANG_WARN_DEPRECATED_OBJC_IMPLEMENTATIONS = YES;
				CLANG_WARN_DIRECT_OBJC_ISA_USAGE = YES_ERROR;
				CLANG_WARN_DOCUMENTATION_COMMENTS = YES;
				CLANG_WARN_EMPTY_BODY = YES;
				CLANG_WARN_ENUM_CONVERSION = YES;
				CLANG_WARN_INFINITE_RECURSION = YES;
				CLANG_WARN_INT_CONVERSION = YES;
				CLANG_WARN_NON_LITERAL_NULL_CONVERSION = YES;
				CLANG_WARN_OBJC_IMPLICIT_RETAIN_SELF = YES;
				CLANG_WARN_OBJC_LITERAL_CONVERSION = YES;
				CLANG_WARN_OBJC_ROOT_CLASS = YES_ERROR;
				CLANG_WARN_RANGE_LOOP_ANALYSIS = YES;
				CLANG_WARN_STRICT_PROTOTYPES = YES;
				CLANG_WARN_SUSPICIOUS_MOVE = YES;
				CLANG_WARN_UNGUARDED_AVAILABILITY = YES_AGGRESSIVE;
				CLANG_WARN_UNREACHABLE_CODE = YES;
				CLANG_WARN__DUPLICATE_METHOD_MATCH = YES;
				CODE_SIGN_IDENTITY = "iPhone Developer";
				COPY_PHASE_STRIP = NO;
				DEBUG_INFORMATION_FORMAT = dwarf;
				ENABLE_STRICT_OBJC_MSGSEND = YES;
				ENABLE_TESTABILITY = YES;
				GCC_C_LANGUAGE_STANDARD = gnu11;
				GCC_DYNAMIC_NO_PIC = NO;
				GCC_NO_COMMON_BLOCKS = YES;
				GCC_OPTIMIZATION_LEVEL = 0;
				GCC_PREPROCESSOR_DEFINITIONS = (
					"DEBUG=1",
					"$(inherited)",
				);
				GCC_WARN_64_TO_32_BIT_CONVERSION = YES;
				GCC_WARN_ABOUT_RETURN_TYPE = YES_ERROR;
				GCC_WARN_UNDECLARED_SELECTOR = YES;
				GCC_WARN_UNINITIALIZED_AUTOS = YES_AGGRESSIVE;
				GCC_WARN_UNUSED_FUNCTION = YES;
				GCC_WARN_UNUSED_VARIABLE = YES;
				IPHONEOS_DEPLOYMENT_TARGET = 12.2;
				MTL_ENABLE_DEBUG_INFO = INCLUDE_SOURCE;
				MTL_FAST_MATH = YES;
				ONLY_ACTIVE_ARCH = YES;
				SDKROOT = iphoneos;
				SWIFT_ACTIVE_COMPILATION_CONDITIONS = DEBUG;
				SWIFT_OPTIMIZATION_LEVEL = "-Onone";
			};
			name = Debug;
		};
		DC80557D2254F93B0046B356 /* Release */ = {
			isa = XCBuildConfiguration;
			buildSettings = {
				ALWAYS_SEARCH_USER_PATHS = NO;
				CLANG_ANALYZER_NONNULL = YES;
				CLANG_ANALYZER_NUMBER_OBJECT_CONVERSION = YES_AGGRESSIVE;
				CLANG_CXX_LANGUAGE_STANDARD = "gnu++14";
				CLANG_CXX_LIBRARY = "libc++";
				CLANG_ENABLE_MODULES = YES;
				CLANG_ENABLE_OBJC_ARC = YES;
				CLANG_ENABLE_OBJC_WEAK = YES;
				CLANG_WARN_BLOCK_CAPTURE_AUTORELEASING = YES;
				CLANG_WARN_BOOL_CONVERSION = YES;
				CLANG_WARN_COMMA = YES;
				CLANG_WARN_CONSTANT_CONVERSION = YES;
				CLANG_WARN_DEPRECATED_OBJC_IMPLEMENTATIONS = YES;
				CLANG_WARN_DIRECT_OBJC_ISA_USAGE = YES_ERROR;
				CLANG_WARN_DOCUMENTATION_COMMENTS = YES;
				CLANG_WARN_EMPTY_BODY = YES;
				CLANG_WARN_ENUM_CONVERSION = YES;
				CLANG_WARN_INFINITE_RECURSION = YES;
				CLANG_WARN_INT_CONVERSION = YES;
				CLANG_WARN_NON_LITERAL_NULL_CONVERSION = YES;
				CLANG_WARN_OBJC_IMPLICIT_RETAIN_SELF = YES;
				CLANG_WARN_OBJC_LITERAL_CONVERSION = YES;
				CLANG_WARN_OBJC_ROOT_CLASS = YES_ERROR;
				CLANG_WARN_RANGE_LOOP_ANALYSIS = YES;
				CLANG_WARN_STRICT_PROTOTYPES = YES;
				CLANG_WARN_SUSPICIOUS_MOVE = YES;
				CLANG_WARN_UNGUARDED_AVAILABILITY = YES_AGGRESSIVE;
				CLANG_WARN_UNREACHABLE_CODE = YES;
				CLANG_WARN__DUPLICATE_METHOD_MATCH = YES;
				CODE_SIGN_IDENTITY = "iPhone Developer";
				COPY_PHASE_STRIP = NO;
				DEBUG_INFORMATION_FORMAT = "dwarf-with-dsym";
				ENABLE_NS_ASSERTIONS = NO;
				ENABLE_STRICT_OBJC_MSGSEND = YES;
				GCC_C_LANGUAGE_STANDARD = gnu11;
				GCC_NO_COMMON_BLOCKS = YES;
				GCC_WARN_64_TO_32_BIT_CONVERSION = YES;
				GCC_WARN_ABOUT_RETURN_TYPE = YES_ERROR;
				GCC_WARN_UNDECLARED_SELECTOR = YES;
				GCC_WARN_UNINITIALIZED_AUTOS = YES_AGGRESSIVE;
				GCC_WARN_UNUSED_FUNCTION = YES;
				GCC_WARN_UNUSED_VARIABLE = YES;
				IPHONEOS_DEPLOYMENT_TARGET = 12.2;
				MTL_ENABLE_DEBUG_INFO = NO;
				MTL_FAST_MATH = YES;
				SDKROOT = iphoneos;
				SWIFT_COMPILATION_MODE = wholemodule;
				SWIFT_OPTIMIZATION_LEVEL = "-O";
				VALIDATE_PRODUCT = YES;
			};
			name = Release;
		};
		DC80557F2254F93B0046B356 /* Debug */ = {
			isa = XCBuildConfiguration;
			baseConfigurationReference = 0A46C74B05BE09665B9BB36D /* Pods-RNDM.debug.xcconfig */;
			buildSettings = {
				ASSETCATALOG_COMPILER_APPICON_NAME = AppIcon;
				CODE_SIGN_STYLE = Automatic;
				DEVELOPMENT_TEAM = W2L76H8G3Y;
				INFOPLIST_FILE = RNDM/Info.plist;
				LD_RUNPATH_SEARCH_PATHS = (
					"$(inherited)",
					"@executable_path/Frameworks",
				);
				PRODUCT_BUNDLE_IDENTIFIER = com.dradus.RNDM;
				PRODUCT_NAME = "$(TARGET_NAME)";
				SWIFT_VERSION = 5.0;
				TARGETED_DEVICE_FAMILY = 1;
			};
			name = Debug;
		};
		DC8055802254F93B0046B356 /* Release */ = {
			isa = XCBuildConfiguration;
			baseConfigurationReference = 710A66ABDCC8FE28E23ABCFD /* Pods-RNDM.release.xcconfig */;
			buildSettings = {
				ASSETCATALOG_COMPILER_APPICON_NAME = AppIcon;
				CODE_SIGN_STYLE = Automatic;
				DEVELOPMENT_TEAM = W2L76H8G3Y;
				INFOPLIST_FILE = RNDM/Info.plist;
				LD_RUNPATH_SEARCH_PATHS = (
					"$(inherited)",
					"@executable_path/Frameworks",
				);
				PRODUCT_BUNDLE_IDENTIFIER = com.dradus.RNDM;
				PRODUCT_NAME = "$(TARGET_NAME)";
				SWIFT_VERSION = 5.0;
				TARGETED_DEVICE_FAMILY = 1;
			};
			name = Release;
		};
/* End XCBuildConfiguration section */

/* Begin XCConfigurationList section */
		DC8055672254F9390046B356 /* Build configuration list for PBXProject "RNDM" */ = {
			isa = XCConfigurationList;
			buildConfigurations = (
				DC80557C2254F93B0046B356 /* Debug */,
				DC80557D2254F93B0046B356 /* Release */,
			);
			defaultConfigurationIsVisible = 0;
			defaultConfigurationName = Release;
		};
		DC80557E2254F93B0046B356 /* Build configuration list for PBXNativeTarget "RNDM" */ = {
			isa = XCConfigurationList;
			buildConfigurations = (
				DC80557F2254F93B0046B356 /* Debug */,
				DC8055802254F93B0046B356 /* Release */,
			);
			defaultConfigurationIsVisible = 0;
			defaultConfigurationName = Release;
		};
/* End XCConfigurationList section */
	};
	rootObject = DC8055642254F9390046B356 /* Project object */;
}
